dario.cat/mergo v1.0.2 h1:85+piFYR1tMbRrLcDwR18y4UKJ3aH1Tbzi24VRW1TK8=
dario.cat/mergo v1.0.2/go.mod h1:E/hbnu0NxMFBjpMIE34DRGLWqDy0g5FuKDhCb31ngxA=
filippo.io/edwards25519 v1.2.0 h1:crnVqOiS4jqYleHd9vaKZ+HKtHfllngJIiOpNpoJsjo=
filippo.io/edwards25519 v1.2.0/go.mod h1:xzAOLCNug/yB62zG1bQ8uziwrIqIuxhctzJT18Q77mc=
github.com/AdaLogics/go-fuzz-headers v0.0.0-20240806141605-e8a1dd7889d6 h1:He8afgbRMd7mFxO99hRNu+6tazq8nFF9lIwo9JFroBk=
github.com/AdaLogics/go-fuzz-headers v0.0.0-20240806141605-e8a1dd7889d6/go.mod h1:8o94RPi1/7XTJvwPpRSzSUedZrtlirdB3r9Z20bi2f8=
github.com/Azure/go-ansiterm v0.0.0-20250102033503-faa5f7b0171c h1:udKWzYgxTojEKWjV8V+WSxDXJ4NFATAsZjh8iIbsQIg=
github.com/Azure/go-ansiterm v0.0.0-20250102033503-faa5f7b0171c/go.mod h1:xomTg63KZ2rFqZQzSB4Vz2SUXa1BpHTVz9L5PTmPC4E=
github.com/Microsoft/go-winio v0.6.2 h1:F2VQgta7ecxGYO8k3ZZz3RS8fVIXVxONVUPlNERoyfY=
github.com/Microsoft/go-winio v0.6.2/go.mod h1:yd8OoFMLzJbo9gZq8j5qaps8bJ9aShtEA8Ipt1oGCvU=
github.com/a-h/templ v0.3.1020 h1:ypAT/L5ySWEnZ6Zft/5yfoWXYYkhFNvEFOeeqecg4tw=
github.com/a-h/templ v0.3.1020/go.mod h1:A2DlK61v+K+NRoGnhmYbNYVmtYHcFO5/AisMvBdDxTM=
github.com/alecthomas/assert/v2 v2.11.0 h1:2Q9r3ki8+JYXvGsDyBXwH3LcJ+WK5D0gc5E8vS6K3D0=
github.com/alecthomas/assert/v2 v2.11.0/go.mod h1:Bze95FyfUr7x34QZrjL+XP+0qgp/zg8yS+TtBj1WA3k=
github.com/alecthomas/kong v1.16.0 h1:g92/kUxBcdcTPOM79yE63viJgtcp5dNyrB3/O2cjYT4=
github.com/alecthomas/kong v1.16.0/go.mod h1:wrlbXem1CWqUV5Vbmss5ISYhsVPkBb1Yo7YKJghju2I=
github.com/alecthomas/repr v0.5.2 h1:SU73FTI9D1P5UNtvseffFSGmdNci/O6RsqzeXJtP0Qs=
github.com/alecthomas/repr v0.5.2/go.mod h1:Fr0507jx4eOXV7AlPV6AVZLYrLIuIeSOWtW57eE/O/4=
github.com/andybalholm/brotli v1.2.2 h1:HzTuoo2ErYQqf5qvcJInB8uvqSVxRttzkFexPWtnceM=
github.com/andybalholm/brotli v1.2.2/go.mod h1:rzTDkvFWvIrjDXZHkuS16NPggd91W3kUSvPlQ1pLaKY=
github.com/atotto/clipboard v0.1.4 h1:EH0zSVneZPSuFR11BlR9YppQTVDbh5+16AmcJi4g1z4=
github.com/atotto/clipboard v0.1.4/go.mod h1:ZY9tmq7sm5xIbd9bOK4onWV4S6X0u6GY7Vn0Yu86PYI=
github.com/aymanbagabas/go-osc52/v2 v2.0.1 h1:HwpRHbFMcZLEVr42D4p7XBqjyuxQH5SMiErDT4WkJ2k=
github.com/aymanbagabas/go-osc52/v2 v2.0.1/go.mod h1:uYgXzlJ7ZpABp8OJ+exZzJJhRNQ2ASbcXHWsFqH8hp8=
github.com/aymanbagabas/go-udiff v0.3.1 h1:LV+qyBQ2pqe0u42ZsUEtPiCaUoqgA9gYRDs3vj1nolY=
github.com/aymanbagabas/go-udiff v0.3.1/go.mod h1:G0fsKmG+P6ylD0r6N/KgQD/nWzgfnl8ZBcNLgcbrw8E=
github.com/bsm/ginkgo/v2 v2.12.0 h1:Ny8MWAHyOepLGlLKYmXG4IEkioBysk6GpaRTLC8zwWs=
github.com/bsm/ginkgo/v2 v2.12.0/go.mod h1:SwYbGRRDovPVboqFv0tPTcG1sN61LM1Z4ARdbAV9g4c=
github.com/bsm/gomega v1.27.10 h1:yeMWxP2pV2fG3FgAODIY8EiRE3dy0aeFYt4l7wh6yKA=
github.com/bsm/gomega v1.27.10/go.mod h1:JyEr/xRbxbtgWNi8tIEVPUYZ5Dzef52k01W3YH0H+O0=
github.com/cenkalti/backoff/v4 v4.3.0 h1:MyRJ/UdXutAwSAT+s3wNd7MfTIcy71VQueUuFK343L8=
github.com/cenkalti/backoff/v4 v4.3.0/go.mod h1:Y3VNntkOUPxTVeUxJ/G5vcM//AlwfmyYozVcomhLiZE=
github.com/cespare/xxhash/v2 v2.3.0 h1:UL815xU9SqsFlibzuggzjXhog7bL6oX9BbNZnL2UFvs=
github.com/cespare/xxhash/v2 v2.3.0/go.mod h1:VGX0DQ3Q6kWi7AoAeZDth3/j3BFtOZR5XLFGgcrjCOs=
github.com/charmbracelet/bubbles v0.21.1 h1:nj0decPiixaZeL9diI4uzzQTkkz1kYY8+jgzCZXSmW0=
github.com/charmbracelet/bubbles v0.21.1/go.mod h1:HHvIYRCpbkCJw2yo0vNX1O5loCwSr9/mWS8GYSg50Sk=
github.com/charmbracelet/bubbletea v1.3.10 h1:otUDHWMMzQSB0Pkc87rm691KZ3SWa4KUlvF9nRvCICw=
github.com/charmbracelet/bubbletea v1.3.10/go.mod h1:ORQfo0fk8U+po9VaNvnV95UPWA1BitP1E0N6xJPlHr4=
github.com/charmbracelet/colorprofile v0.4.1 h1:a1lO03qTrSIRaK8c3JRxJDZOvhvIeSco3ej+ngLk1kk=
github.com/charmbracelet/colorprofile v0.4.1/go.mod h1:U1d9Dljmdf9DLegaJ0nGZNJvoXAhayhmidOdcBwAvKk=
github.com/charmbracelet/lipgloss v1.1.0 h1:vYXsiLHVkK7fp74RkV7b2kq9+zDLoEU4MZoFqR/noCY=
github.com/charmbracelet/lipgloss v1.1.0/go.mod h1:/6Q8FR2o+kj8rz4Dq0zQc3vYf7X+B0binUUBwA0aL30=
github.com/charmbracelet/x/ansi v0.11.5 h1:NBWeBpj/lJPE3Q5l+Lusa4+mH6v7487OP8K0r1IhRg4=
github.com/charmbracelet/x/ansi v0.11.5/go.mod h1:2JNYLgQUsyqaiLovhU2Rv/pb8r6ydXKS3NIttu3VGZQ=
github.com/charmbracelet/x/cellbuf v0.0.15 h1:ur3pZy0o6z/R7EylET877CBxaiE1Sp1GMxoFPAIztPI=
github.com/charmbracelet/x/cellbuf v0.0.15/go.mod h1:J1YVbR7MUuEGIFPCaaZ96KDl5NoS0DAWkskup+mOY+Q=
github.com/charmbracelet/x/exp/golden v0.0.0-20241011142426-46044092ad91 h1:payRxjMjKgx2PaCWLZ4p3ro9y97+TVLZNaRZgJwSVDQ=
github.com/charmbracelet/x/exp/golden v0.0.0-20241011142426-46044092ad91/go.mod h1:wDlXFlCrmJ8J+swcL/MnGUuYnqgQdW9rhSD61oNMb6U=
github.com/charmbracelet/x/term v0.2.2 h1:xVRT/S2ZcKdhhOuSP4t5cLi5o+JxklsoEObBSgfgZRk=
github.com/charmbracelet/x/term v0.2.2/go.mod h1:kF8CY5RddLWrsgVwpw4kAa6TESp6EB5y3uxGLeCqzAI=
github.com/clipperhouse/displaywidth v0.9.0 h1:Qb4KOhYwRiN3viMv1v/3cTBlz3AcAZX3+y9OLhMtAtA=
github.com/clipperhouse/displaywidth v0.9.0/go.mod h1:aCAAqTlh4GIVkhQnJpbL0T/WfcrJXHcj8C0yjYcjOZA=
github.com/clipperhouse/stringish v0.1.1 h1:+NSqMOr3GR6k1FdRhhnXrLfztGzuG+VuFDfatpWHKCs=
github.com/clipperhouse/stringish v0.1.1/go.mod h1:v/WhFtE1q0ovMta2+m+UbpZ+2/HEXNWYXQgCt4hdOzA=
github.com/clipperhouse/uax29/v2 v2.5.0 h1:x7T0T4eTHDONxFJsL94uKNKPHrclyFI0lm7+w94cO8U=
github.com/clipperhouse/uax29/v2 v2.5.0/go.mod h1:Wn1g7MK6OoeDT0vL+Q0SQLDz/KpfsVRgg6W7ihQeh4g=
github.com/containerd/errdefs v1.0.0 h1:tg5yIfIlQIrxYtu9ajqY42W3lpS19XqdxRQeEwYG8PI=
github.com/containerd/errdefs v1.0.0/go.mod h1:+YBYIdtsnF4Iw6nWZhJcqGSg/dwvV7tyJ/kCkyJ2k+M=
github.com/containerd/errdefs/pkg v0.3.0 h1:9IKJ06FvyNlexW690DXuQNx2KA2cUJXx151Xdx3ZPPE=
github.com/containerd/errdefs/pkg v0.3.0/go.mod h1:NJw6s9HwNuRhnjJhM7pylWwMyAkmCQvQ4GpJHEqRLVk=
github.com/containerd/log v0.1.0 h1:TCJt7ioM2cr/tfR8GPbGf9/VRAX8D2B4PjzCpfX540I=
github.com/containerd/log v0.1.0/go.mod h1:VRRf09a7mHDIRezVKTRCrOq78v577GXq3bSa3EhrzVo=
github.com/containerd/platforms v0.2.1 h1:zvwtM3rz2YHPQsF2CHYM8+KtB5dvhISiXh5ZpSBQv6A=
github.com/containerd/platforms v0.2.1/go.mod h1:XHCb+2/hzowdiut9rkudds9bE5yJ7npe7dG/wG+uFPw=
github.com/cpuguy83/dockercfg v0.3.2 h1:DlJTyZGBDlXqUZ2Dk2Q3xHs/FtnooJJVaad2S9GKorA=
github.com/cpuguy83/dockercfg v0.3.2/go.mod h1:sugsbF4//dDlL/i+S+rtpIWp+5h0BHJHfjj5/jFyUJc=
github.com/creack/pty v1.1.24 h1:bJrF4RRfyJnbTJqzRLHzcGaZK1NeM5kTC9jGgovnR1s=
github.com/creack/pty v1.1.24/go.mod h1:08sCNb52WyoAwi2QDyzUCTgcvVFhUzewun7wtTfvcwE=
github.com/davecgh/go-spew v1.1.0/go.mod h1:J7Y8YcW2NihsgmVo/mv3lAwl/skON4iLHjSsI+c5H38=
github.com/davecgh/go-spew v1.1.1 h1:vj9j/u1bqnvCEfJOwUhtlOARqs3+rkHYY13jYWTU97c=
github.com/davecgh/go-spew v1.1.1/go.mod h1:J7Y8YcW2NihsgmVo/mv3lAwl/skON4iLHjSsI+c5H38=
github.com/dgryski/go-rendezvous v0.0.0-20200823014737-9f7001d12a5f h1:lO4WD4F/rVNCu3HqELle0jiPLLBs70cWOduZpkS1E78=
github.com/dgryski/go-rendezvous v0.0.0-20200823014737-9f7001d12a5f/go.mod h1:cuUVRXasLTGF7a8hSLbxyZXjz+1KgoB3wDUb6vlszIc=
github.com/distribution/reference v0.6.0 h1:0IXCQ5g4/QMHHkarYzh5l+u8T3t73zM5QvfrDyIgxBk=
github.com/distribution/reference v0.6.0/go.mod h1:BbU0aIcezP1/5jX/8MP0YiH4SdvB5Y4f/wlDRiLyi3E=
github.com/docker/go-connections v0.7.0 h1:6SsRfJddP22WMrCkj19x9WKjEDTB+ahsdiGYf0mN39c=
github.com/docker/go-connections v0.7.0/go.mod h1:no1qkHdjq7kLMGUXYAduOhYPSJxxvgWBh7ogVvptn3Q=
github.com/docker/go-units v0.5.0 h1:69rxXcBk27SvSaaxTtLh/8llcHD8vYHT7WSdRZ/jvr4=
github.com/docker/go-units v0.5.0/go.mod h1:fgPhTUdO+D/Jk86RDLlptpiXQzgHJF7gydDDbaIK4Dk=
github.com/dustin/go-humanize v1.0.1 h1:GzkhY7T5VNhEkwH0PVJgjz+fX1rhBrR7pRT3mDkpeCY=
github.com/dustin/go-humanize v1.0.1/go.mod h1:Mu1zIs6XwVuF/gI1OepvI0qD18qycQx+mFykh5fBlto=
github.com/ebitengine/purego v0.10.1 h1:dewVBCBT2GaMu1SrNTYxQhgQBethzfhiwvZiLGP/qyY=
github.com/ebitengine/purego v0.10.1/go.mod h1:iIjxzd6CiRiOG0UyXP+V1+jWqUXVjPKLAI0mRfJZTmQ=
github.com/erikgeiser/coninput v0.0.0-20211004153227-1c3628e74d0f h1:Y/CXytFA4m6baUTXGLOoWe4PQhGxaX0KpnayAqC48p4=
github.com/erikgeiser/coninput v0.0.0-20211004153227-1c3628e74d0f/go.mod h1:vw97MGsxSvLiUE2X8qFplwetxpGLQrlU1Q9AUEIzCaM=
github.com/felixge/httpsnoop v1.1.0 h1:3YtUj32ZZkqZtt3sZZsClsymw/QDuVfpNhoA31zeORc=
github.com/felixge/httpsnoop v1.1.0/go.mod h1:Zqxgdd+1Rkcz8euOqdr7lqgCRJztwr5hp9vDSi5UZCE=
github.com/glebarez/go-sqlite v1.21.2 h1:3a6LFC4sKahUunAmynQKLZceZCOzUthkRkEAl9gAXWo=
github.com/glebarez/go-sqlite v1.21.2/go.mod h1:sfxdZyhQjTM2Wry3gVYWaW072Ri1WMdWJi0k6+3382k=
github.com/glebarez/sqlite v1.11.0 h1:wSG0irqzP6VurnMEpFGer5Li19RpIRi2qvQz++w0GMw=
github.com/glebarez/sqlite v1.11.0/go.mod h1:h8/o8j5wiAsqSPoWELDUdJXhjAhsVliSn7bWZjOhrgQ=
github.com/go-co-op/gocron/v2 v2.19.0 h1:OKf2y6LXPs/BgBI2fl8PxUpNAI1DA9Mg+hSeGOS38OU=
github.com/go-co-op/gocron/v2 v2.19.0/go.mod h1:5lEiCKk1oVJV39Zg7/YG10OnaVrDAV5GGR6O0663k6U=
github.com/go-logr/logr v1.2.2/go.mod h1:jdQByPbusPIv2/zmleS9BjJVeZ6kBagPoEUsqbVz/1A=
github.com/go-logr/logr v1.4.3 h1:CjnDlHq8ikf6E492q6eKboGOC0T8CDaOvkHCIg8idEI=
github.com/go-logr/logr v1.4.3/go.mod h1:9T104GzyrTigFIr8wt5mBrctHMim0Nb2HLGrmQ40KvY=
github.com/go-logr/stdr v1.2.2 h1:hSWxHoqTgW2S2qGc0LTAI563KZ5YKYRhT3MFKZMbjag=
github.com/go-logr/stdr v1.2.2/go.mod h1:mMo/vtBO5dYbehREoey6XUKy/eSumjCCveDpRre4VKE=
github.com/go-ole/go-ole v1.2.6/go.mod h1:pprOEPIfldk/42T2oK7lQ4v4JSDwmV0As9GaiUsvbm0=
github.com/go-ole/go-ole v1.3.0 h1:Dt6ye7+vXGIKZ7Xtk4s6/xVdGDQynvom7xCFEdWr6uE=
github.com/go-ole/go-ole v1.3.0/go.mod h1:5LS6F96DhAwUc7C+1HLexzMXY1xGRSryjyPPKW6zv78=
github.com/go-sql-driver/mysql v1.8.1 h1:LedoTUt/eveggdHS9qUFC1EFSa8bU2+1pZjSRpvNJ1Y=
github.com/go-sql-driver/mysql v1.8.1/go.mod h1:wEBSXgmK//2ZFJyE+qWnIsVGmvmEKlqwuVSjsCm7DZg=
github.com/goforj/cache v0.4.0 h1:d8Mofh8OtQABkuKqnXiH/c4CHxjCRXqwVhou2GapDrw=
github.com/goforj/cache v0.4.0/go.mod h1:4vCZ2c/sKCprsogMw23X0N/8MMWnmWenhhqVciWAWxM=
github.com/goforj/cache/cachecore v0.4.0 h1:h5seAIs60q/e+Zbb2DxC0DwGFR4A1jkR2M2fRyMJV/I=
github.com/goforj/cache/cachecore v0.4.0/go.mod h1:/f1P+eik1Q59SQsJdOc+PDtJqNMmHu8+WVMQycKlm1M=
github.com/goforj/cache/cachetest v0.4.0 h1:KXcq2zNEU4MajVf74QeuKpJ+oe3UbrviTjU8uR8SsyY=
github.com/goforj/cache/cachetest v0.4.0/go.mod h1:S9ATKfQ6p5tklYj4bW98y5LNO/YXzdPBd0P6LTmcjxA=
github.com/goforj/cache/driver/rediscache v0.4.0 h1:URbIG/Gr/xck4BvWM9jYHm8PC4vz4YvjcHMzE2MPQU0=
github.com/goforj/cache/driver/rediscache v0.4.0/go.mod h1:ubfIKrOXRFvFz5JULaX+ej6xwQ04ZNwj2kP2lYYEtIs=
github.com/goforj/console v0.2.0 h1:FC0u/LUBOtxtYDMBd297tleQX3SBP//GcmAwXQAr8C0=
github.com/goforj/console v0.2.0/go.mod h1:mFTOTViwSqhtiJsXw9e51KbOt6XW45yrTvonIbTX+EQ=
github.com/goforj/crypt v1.2.0 h1:GlmhdJEx0BX+n5wlUyf5yM0+9vWMqqVn24sSa73tco0=
github.com/goforj/crypt v1.2.0/go.mod h1:6vGyEnag6Ydk+ZMXUEqd6BPL/PHpYqL3JvLTozoY6no=
github.com/goforj/env/v2 v2.6.1 h1:iyZmqkSAplWAIphLAC2Vh0r6xkYagfsYL+PCUIY8F9I=
github.com/goforj/env/v2 v2.6.1/go.mod h1:LN5Liwdi68q5vAT3CChYJ7JXniXKSYrCyV6yJvkbRWo=
github.com/goforj/events v0.2.0 h1:gqkle+UwzLDbcYypHC2RmPU2Hi/S7PwwNZiWb/m/JKc=
github.com/goforj/events v0.2.0/go.mod h1:N1HLDJ4HOVlJVQBXCAPb4wC1HS4IBm3yOlDCZ8WBglk=
github.com/goforj/events/eventscore v0.2.0 h1:6/+NxhFoRruPbPHJYiGrGgNoi0YKIHTcwcVYJoGECSw=
github.com/goforj/events/eventscore v0.2.0/go.mod h1:1yO6x8Ior7p4UCIckJmKZ9/TcFUEKVOwBP6MT9oEbcM=
github.com/goforj/godump v1.9.1 h1:9OGpb978Ytz3B59d5Yi2PzRYYLid6UkmhYDIDNiF15Y=
github.com/goforj/godump v1.9.1/go.mod h1:JsuL6AEZfKIU+iR5ewL6iQ2fIuhvLtPmJDH47M9Ptrc=
github.com/goforj/httpx v1.1.0 h1:9YMKQjK6pVtq5iogpsAFgBUr2BwLXe0J5aCjM5NBeYQ=
github.com/goforj/httpx v1.1.0/go.mod h1:tGhUkI7l001rEL3JfAy+wvQbWA6JC8IT1u+eMmiFRE4=
github.com/goforj/mail v0.3.1 h1:EueVZi46WOXzkKgYL6a9ygNKp10EjGa7HdkK+ubdnXI=
github.com/goforj/mail v0.3.1/go.mod h1:gyLM8TrjWhHExtNUtQph/0/X/Lb0n7F05yIxiF1UBE8=
github.com/goforj/metrics v0.2.0 h1:XLZi4AfB7fqQi4X5B6diwugdwRoJswWToMLkMp7uGAI=
github.com/goforj/metrics v0.2.0/go.mod h1:h8Lrovn4DVpECziJyXPGbMWUovYyAQsl1T2iLL621bk=
github.com/goforj/null/v6 v6.0.2 h1:5qjrCCEhbYmDGfWznCjoGaDnUCU/W/2HcKRhF/mGRkM=
github.com/goforj/null/v6 v6.0.2/go.mod h1:JpT/GYkaek+X8HD8wua769NLdPBCICDNW8TEwGiK/yM=
github.com/goforj/queue v0.2.1 h1:H6Mmm17oB8y1cTxkN0YZwp396cCq6WPScBS/D1aIxTE=
github.com/goforj/queue v0.2.1/go.mod h1:sRRUIaNyGB5DY+usj7GqYW0mlCtxO25JVdmbNaYOlEY=
github.com/goforj/scheduler/v2 v2.1.4 h1:L9HG4PCDelqIpnNjD2he50ZZfjzA/PYAVeHu2/EIyvE=
github.com/goforj/scheduler/v2 v2.1.4/go.mod h1:tV/57F7kcD7rkhydaZuBq6c9oHtZ3oyIGPlWz54+f2c=
github.com/goforj/storage v0.5.0 h1:bXeUaDYsiibnGn+9FuMcq5U9WBRLE2TrIQ9PoSWYgMk=
github.com/goforj/storage v0.5.0/go.mod h1:LRIclkYlI8Pp2kjmkzawMSF44Ka94XkN7/NjMPEP/hs=
github.com/goforj/storage/storagecore v0.5.0 h1:1NHEDS/P6BOEOk0DIq5gQsvgz/Zew3v1ZG2XZ3pZ9Zw=
github.com/goforj/storage/storagecore v0.5.0/go.mod h1:n6epEk/dinioVPKa8VkWduaf0b1ggcnycXRmd6nURCY=
github.com/goforj/str v1.3.0 h1:m9NQQDiAO1+g8N7vxZIhwcerueyMWc8l2ffxYjdAxFA=
github.com/goforj/str v1.3.0/go.mod h1:LGUzW/UEbvNG8TbN7kIzd9O10oq4wyGyF5Xk4SzfKZk=
github.com/goforj/str/v2 v2.0.1 h1:fu33B6ZkYZ2627p6ztNPavjernrEadMdetkzJy0hzvw=
github.com/goforj/str/v2 v2.0.1/go.mod h1:YM3BUSf6f9WPexvu+iT9C15h9n5zbzSxTL4Xri7oBD4=
github.com/goforj/web v0.6.2 h1:baM2GdfHqKY+k18lSJnXktOhdd1TA99ouy4HyUSZ+lU=
github.com/goforj/web v0.6.2/go.mod h1:Smll6pXp6BfgWv53G/mStwh+o8aqotiaVgYGFXG1RKw=
github.com/goforj/wire v1.2.0 h1:F02xb36PwSJZCpazfWBs4Gc7qtm34NICH0QMAqfFtn4=
github.com/goforj/wire v1.2.0/go.mod h1:liyCJqszv9cbeDz09W+/yAcWi05803Q4ncm7lhMO6QM=
github.com/golang-jwt/jwt/v5 v5.3.1 h1:kYf81DTWFe7t+1VvL7eS+jKFVWaUnK9cB1qbwn63YCY=
github.com/golang-jwt/jwt/v5 v5.3.1/go.mod h1:fxCRLWMO43lRc8nhHWY6LGqRcf+1gQWArsqaEUEa5bE=
github.com/google/go-cmp v0.6.0/go.mod h1:17dUlkBOakJ0+DkrSSNjCkIjxS6bF9zb3elmeNGIjoY=
github.com/google/go-cmp v0.7.0 h1:wk8382ETsv4JYUZwIsn6YpYiWiBsYLSJiTsyBybVuN8=
github.com/google/go-cmp v0.7.0/go.mod h1:pXiqmnSA92OHEEa9HXL2W4E7lf9JzCmGVUdgjX3N/iU=
github.com/google/go-querystring v1.2.0 h1:yhqkPbu2/OH+V9BfpCVPZkNmUXhb2gBxJArfhIxNtP0=
github.com/google/go-querystring v1.2.0/go.mod h1:8IFJqpSRITyJ8QhQ13bmbeMBDfmeEJZD5A0egEOmkqU=
github.com/google/pprof v0.0.0-20250317173921-a4b03ec1a45e h1:ijClszYn+mADRFY17kjQEVQ1XRhq2/JR1M3sGqeJoxs=
github.com/google/pprof v0.0.0-20250317173921-a4b03ec1a45e/go.mod h1:boTsfXsheKC2y+lKOCMpSfarhxDeIzfZG1jqGcPl3cA=
github.com/google/uuid v1.6.0 h1:NIvaJDMOsjHA8n1jAhLSgzrAzy1Hgr+hNrb57e+94F0=
github.com/google/uuid v1.6.0/go.mod h1:TIyPZe4MgqvfeYDBFedMoGGpEw/LqOeaOT+nhxU+yHo=
github.com/gorilla/websocket v1.5.3 h1:saDtZ6Pbx/0u+bgYQ3q96pZgCzfhKXGPqt7kZ72aNNg=
github.com/gorilla/websocket v1.5.3/go.mod h1:YR8l580nyteQvAITg2hZ9XVh4b55+EU/adAjf1fMHhE=
github.com/hashicorp/golang-lru/v2 v2.0.7 h1:a+bsQ5rvGLjzHuww6tVxozPZFVghXaHOwFs4luLUK2k=
github.com/hashicorp/golang-lru/v2 v2.0.7/go.mod h1:QeFd9opnmA6QUJc5vARoKUSoFhyfM2/ZepoAG6RGpeM=
github.com/hexops/gotextdiff v1.0.3 h1:gitA9+qJrrTCsiCl7+kh75nPqQt1cx4ZkudSTLoUqJM=
github.com/hexops/gotextdiff v1.0.3/go.mod h1:pSWU5MAI3yDq+fZBTazCSJysOMbxWL1BSow5/V2vxeg=
github.com/icholy/digest v1.2.0 h1:oTbG4IsNOmidJ+421ehG7Ty93yt1yotq13kFMG569yw=
github.com/icholy/digest v1.2.0/go.mod h1:1P1+LzUv48ybX7bu8tVpZ2QWdd+xRuePNuGawHjwRUE=
github.com/imroc/req/v3 v3.61.0 h1:JTfaJFkTFAfrG0r1mB6NkkAG+rx+DU8a0UctB0RR8yU=
github.com/imroc/req/v3 v3.61.0/go.mod h1:zbKPxxawfwa0RmYp7Nm8yh5cCBD/7W/ho3tp3tqEnPc=
github.com/jackc/pgpassfile v1.0.0 h1:/6Hmqy13Ss2zCq62VdNG8tM1wchn8zjSGOBJ6icpsIM=
github.com/jackc/pgpassfile v1.0.0/go.mod h1:CEx0iS5ambNFdcRtxPj5JhEz+xB6uRky5eyVu/W2HEg=
github.com/jackc/pgservicefile v0.0.0-20240606120523-5a60cdf6a761 h1:iCEnooe7UlwOQYpKFhBabPMi4aNAfoODPEFNiAnClxo=
github.com/jackc/pgservicefile v0.0.0-20240606120523-5a60cdf6a761/go.mod h1:5TJZWKEWniPve33vlWYSoGYefn3gLQRzjfDlhSJ9ZKM=
github.com/jackc/pgx/v5 v5.10.0 h1:VhSvgU2jSli8o3AqIEOTJr7rZwAEUVo4E4XhR94Zfr0=
github.com/jackc/pgx/v5 v5.10.0/go.mod h1:mal1tBGAFfLHvZzaYh77YS/eC6IX9OWbRV1QIIM0Jn4=
github.com/jackc/puddle/v2 v2.2.2 h1:PR8nw+E/1w0GLuRFSmiioY6UooMp6KJv0/61nB7icHo=
github.com/jackc/puddle/v2 v2.2.2/go.mod h1:vriiEXHvEE654aYKXXjOvZM39qJ0q+azkZFrfEOc3H4=
github.com/jinzhu/inflection v1.0.0 h1:K317FqzuhWc8YvSVlFMCCUb36O/S9MCKRDI7QkRKD/E=
github.com/jinzhu/inflection v1.0.0/go.mod h1:h+uFLlag+Qp1Va5pdKtLDYj+kHp5pxUVkryuEj+Srlc=
github.com/jinzhu/now v1.1.5 h1:/o9tlHleP7gOFmsnYNz3RGnqzefHA47wQpKrrdTIwXQ=
github.com/jinzhu/now v1.1.5/go.mod h1:d3SSVoowX0Lcu0IBviAWJpolVfI5UJVZZ7cO71lE/z8=
github.com/joho/godotenv v1.5.1 h1:7eLL/+HRGLY0ldzfGMeQkb7vMd0as4CfYvUVzLqw0N0=
github.com/joho/godotenv v1.5.1/go.mod h1:f4LDr5Voq0i2e/R5DDNOoa2zzDfwtkZa6DnEwAbqwq4=
github.com/jonboulle/clockwork v0.5.0 h1:Hyh9A8u51kptdkR+cqRpT1EebBwTn1oK9YfGYbdFz6I=
github.com/jonboulle/clockwork v0.5.0/go.mod h1:3mZlmanh0g2NDKO5TWZVJAfofYk64M7XN3SzBPjZF60=
github.com/klauspost/compress v1.20.0 h1:a3C1ke2ohxFymNlb2HWAHjDeKCI90scRskErZkR0ezA=
github.com/klauspost/compress v1.20.0/go.mod h1:LUdAzn7YLVvxLpc7y3V1m40wESHTgc1422pwwBSKYuI=
github.com/kr/pretty v0.3.1 h1:flRD4NNwYAUpkphVc1HcthR4KEIFJ65n8Mw5qdRn3LE=
github.com/kr/pretty v0.3.1/go.mod h1:hoEshYVHaxMs3cyo3Yncou5ZscifuDolrwPKZanG3xk=
github.com/kr/text v0.2.0 h1:5Nx0Ya0ZqY2ygV366QzturHI13Jq95ApcVaJBhpS+AY=
github.com/kr/text v0.2.0/go.mod h1:eLer722TekiGuMkidMxC/pM04lWEeraHUUmBw8l2grE=
github.com/labstack/echo/v5 v5.2.0 h1:jc+Bmzz1D5F6DvrcV3Sz8lKsKm8MbPpHk0nv9dqyVr0=
github.com/labstack/echo/v5 v5.2.0/go.mod h1:SyvlSdObGjRXeQfCCXW/sybkZdOOQZBmpKF0bvALaeo=
github.com/lucasb-eyer/go-colorful v1.3.0 h1:2/yBRLdWBZKrf7gB40FoiKfAWYQ0lqNcbuQwVHXptag=
github.com/lucasb-eyer/go-colorful v1.3.0/go.mod h1:R4dSotOR9KMtayYi1e77YzuveK+i7ruzyGqttikkLy0=
github.com/lufia/plan9stats v0.0.0-20260330125221-c963978e514e h1:Q6MvJtQK/iRcRtzAscm/zF23XxJlbECiGPyRicsX+Ak=
github.com/lufia/plan9stats v0.0.0-20260330125221-c963978e514e/go.mod h1:autxFIvghDt3jPTLoqZ9OZ7s9qTGNAWmYCjVFWPX/zg=
github.com/magiconair/properties v1.8.10 h1:s31yESBquKXCV9a/ScB3ESkOjUYYv+X0rg8SYxI99mE=
github.com/magiconair/properties v1.8.10/go.mod h1:Dhd985XPs7jluiymwWYZ0G4Z61jb3vdS329zhj2hYo0=
github.com/mattn/go-colorable v0.1.14 h1:9A9LHSqF/7dyVVX6g0U9cwm9pG3kP9gSzcuIPHPsaIE=
github.com/mattn/go-colorable v0.1.14/go.mod h1:6LmQG8QLFO4G5z1gPvYEzlUgJ2wF+stgPZH1UqBm1s8=
github.com/mattn/go-isatty v0.0.20 h1:xfD0iDuEKnDkl03q4limB+vH+GxLEtL/jb4xVJSWWEY=
github.com/mattn/go-isatty v0.0.20/go.mod h1:W+V8PltTTMOvKvAeJH7IuucS94S2C6jfK/D7dTCTo3Y=
github.com/mattn/go-localereader v0.0.1 h1:ygSAOl7ZXTx4RdPYinUpg6W99U8jWvWi9Ye2JC/oIi4=
github.com/mattn/go-localereader v0.0.1/go.mod h1:8fBrzywKY7BI3czFoHkuzRoWE9C+EiG4R1k4Cjx5p88=
github.com/mattn/go-runewidth v0.0.19 h1:v++JhqYnZuu5jSKrk9RbgF5v4CGUjqRfBm05byFGLdw=
github.com/mattn/go-runewidth v0.0.19/go.mod h1:XBkDxAl56ILZc9knddidhrOlY5R/pDhgLpndooCuJAs=
github.com/mattn/go-sqlite3 v1.14.22 h1:2gZY6PC6kBnID23Tichd1K+Z0oS6nE/XwU+Vz/5o4kU=
github.com/mattn/go-sqlite3 v1.14.22/go.mod h1:Uh1q+B4BYcTPb+yiD3kU8Ct7aC0hY9fxUwlHK0RXw+Y=
github.com/moby/docker-image-spec v1.3.1 h1:jMKff3w6PgbfSa69GfNg+zN/XLhfXJGnEx3Nl2EsFP0=
github.com/moby/docker-image-spec v1.3.1/go.mod h1:eKmb5VW8vQEh/BAr2yvVNvuiJuY6UIocYsFu/DxxRpo=
github.com/moby/go-archive v0.3.3 h1:OxxR9paxsluYi+zDUEXTTaIxtkK3viymW+Ka7vRhhME=
github.com/moby/go-archive v0.3.3/go.mod h1:Npdv43fFqlhZW7Xo8fbm3ZMYFvAGNviUPqX21VERbcE=
github.com/moby/moby/api v1.55.0 h1:2/sexvQyqIWS8pRSCFddBfpW2qE7vR7FCL+vN8pxwMc=
github.com/moby/moby/api v1.55.0/go.mod h1:+RQ6wluLwtYaTd1WnPLykIDPekkuyD/ROWQClE83pzs=
github.com/moby/moby/client v0.5.0 h1:5XhyPk2fuOWf6RlSFa3MkIIgDZkF25xToXW8Q/BH7cc=
github.com/moby/moby/client v0.5.0/go.mod h1:rcVpF8ncl9vo5gaIBdol6CnbEtSj1uxMvEV/UrykF/s=
github.com/moby/patternmatcher v0.6.1 h1:qlhtafmr6kgMIJjKJMDmMWq7WLkKIo23hsrpR3x084U=
github.com/moby/patternmatcher v0.6.1/go.mod h1:hDPoyOpDY7OrrMDLaYoY3hf52gNCR/YOUYxkhApJIxc=
github.com/moby/sys/mount v0.3.5 h1:eS3fsZTjHaBihwjp4/+5Z3jxqLXYsbwxqpVSfFv3M00=
github.com/moby/sys/mount v0.3.5/go.mod h1:WUQDO+/uCiCIkIztx8SrwIDVn2dtMFRBebRhpDFT71M=
github.com/moby/sys/mountinfo v0.7.2 h1:1shs6aH5s4o5H2zQLn796ADW1wMrIwHsyJ2v9KouLrg=
github.com/moby/sys/mountinfo v0.7.2/go.mod h1:1YOa8w8Ih7uW0wALDUgT1dTTSBrZ+HiBLGws92L2RU4=
github.com/moby/sys/sequential v0.7.0 h1:ASQNGNROJSuOO6LL6bPHbKvuZu6NU8P4ldPWk31zj/8=
github.com/moby/sys/sequential v0.7.0/go.mod h1:NfSTAp6V3fw4tmkD62PEcOKeZKquXT8VKCkf7aVR79o=
github.com/moby/sys/user v0.4.1 h1:RgjRlaDKi/Xmyrz4t8lyzXT6v2ooFeO/7xtchmhVWE0=
github.com/moby/sys/user v0.4.1/go.mod h1:E9QsW5WRe1kUAf7kW8hXKwu1uhsZEAdPLYHYSDudF4Y=
github.com/moby/sys/userns v0.1.0 h1:tVLXkFOxVu9A64/yh59slHVv9ahO9UIev4JZusOLG/g=
github.com/moby/sys/userns v0.1.0/go.mod h1:IHUYgu/kao6N8YZlp9Cf444ySSvCmDlmzUcYfDHOl28=
github.com/moby/term v0.5.2 h1:6qk3FJAFDs6i/q3W/pQ97SX192qKfZgGjCQqfCJkgzQ=
github.com/moby/term v0.5.2/go.mod h1:d3djjFCrjnB+fl8NJux+EJzu0msscUP+f8it8hPkFLc=
github.com/muesli/ansi v0.0.0-20230316100256-276c6243b2f6 h1:ZK8zHtRHOkbHy6Mmr5D264iyp3TiX5OmNcI5cIARiQI=
github.com/muesli/ansi v0.0.0-20230316100256-276c6243b2f6/go.mod h1:CJlz5H+gyd6CUWT45Oy4q24RdLyn7Md9Vj2/ldJBSIo=
github.com/muesli/cancelreader v0.2.2 h1:3I4Kt4BQjOR54NavqnDogx/MIoWBFa0StPA8ELUXHmA=
github.com/muesli/cancelreader v0.2.2/go.mod h1:3XuTXfFS2VjM+HTLZY9Ak0l6eUKfijIfMUZ4EgX0QYo=
github.com/muesli/termenv v0.16.0 h1:S5AlUN9dENB57rsbnkPyfdGuWIlkmzJjbFf0Tf5FWUc=
github.com/muesli/termenv v0.16.0/go.mod h1:ZRfOIKPFDYQoDFF4Olj7/QJbW60Ol/kL1pU3VfY/Cnk=
github.com/ncruces/go-strftime v1.0.0 h1:HMFp8mLCTPp341M/ZnA4qaf7ZlsbTc+miZjCLOFAw7w=
github.com/ncruces/go-strftime v1.0.0/go.mod h1:Fwc5htZGVVkseilnfgOVb9mKy6w1naJmn9CehxcKcls=
github.com/opencontainers/go-digest v1.0.0 h1:apOUWs51W5PlhuyGyz9FCeeBIOUDA/6nW8Oi/yOhh5U=
github.com/opencontainers/go-digest v1.0.0/go.mod h1:0JzlMkj0TRzQZfJkVvzbP0HBR3IKzErnv2BNG4W4MAM=
github.com/opencontainers/image-spec v1.1.1 h1:y0fUlFfIZhPF1W537XOLg0/fcx6zcHCJwooC2xJA040=
github.com/opencontainers/image-spec v1.1.1/go.mod h1:qpqAh3Dmcf36wStyyWU+kCeDgrGnAve2nCC8+7h8Q0M=
github.com/patrickmn/go-cache v2.1.0+incompatible h1:HRMgzkcYKYpi3C8ajMPV8OFXaaRUnok+kx1WdO15EQc=
github.com/patrickmn/go-cache v2.1.0+incompatible/go.mod h1:3Qf8kWWT7OJRJbdiICTKqZju1ZixQ/KpMGzzAfe6+WQ=
github.com/pmezard/go-difflib v1.0.0 h1:4DBwDE0NGyQoBHbLQYPwSUPoCMWR5BEzIk/f1lZbAQM=
github.com/pmezard/go-difflib v1.0.0/go.mod h1:iKH77koFhYxTK1pcRnkKkqfTogsbg7gZNVY4sRDYZ/4=
github.com/power-devops/perfstat v0.0.0-20240221224432-82ca36839d55 h1:o4JXh1EVt9k/+g42oCprj/FisM4qX9L3sZB3upGN2ZU=
github.com/power-devops/perfstat v0.0.0-20240221224432-82ca36839d55/go.mod h1:OmDBASR4679mdNQnz2pUhc2G8CO2JrUAVFDRBDP/hJE=
github.com/quic-go/go-ossfuzz-seeds v0.1.0 h1:APacT+iIaNF6fd8AGEiN3bT/Jtkd2jz4v4TzM7MFjy0=
github.com/quic-go/go-ossfuzz-seeds v0.1.0/go.mod h1:3IOHRbJIc+L6YKMwfDtJAM9Vj9k0YY4muhuyUYk5tbk=
github.com/quic-go/qpack v0.6.0 h1:g7W+BMYynC1LbYLSqRt8PBg5Tgwxn214ZZR34VIOjz8=
github.com/quic-go/qpack v0.6.0/go.mod h1:lUpLKChi8njB4ty2bFLX2x4gzDqXwUpaO1DP9qMDZII=
github.com/quic-go/quic-go v0.61.0 h1:ui88A53s8MSVYLC56en0KQ17HARk+9986Dn0SBfKNvA=
github.com/quic-go/quic-go v0.61.0/go.mod h1:9So2anK4Tp22URSQq00k+Vo2PNkle96ycDPDHL4s9vs=
github.com/redis/go-redis/v9 v9.17.2 h1:P2EGsA4qVIM3Pp+aPocCJ7DguDHhqrXNhVcEp4ViluI=
github.com/redis/go-redis/v9 v9.17.2/go.mod h1:u410H11HMLoB+TP67dz8rL9s6QW2j76l0//kSOd3370=
github.com/refraction-networking/utls v1.8.2 h1:j4Q1gJj0xngdeH+Ox/qND11aEfhpgoEvV+S9iJ2IdQo=
github.com/refraction-networking/utls v1.8.2/go.mod h1:jkSOEkLqn+S/jtpEHPOsVv/4V4EVnelwbMQl4vCWXAM=
github.com/remyoudompheng/bigfft v0.0.0-20230129092748-24d4a6f8daec h1:W09IVJc94icq4NjY3clb7Lk8O1qJ8BdBEF8z0ibU0rE=
github.com/remyoudompheng/bigfft v0.0.0-20230129092748-24d4a6f8daec/go.mod h1:qqbHyh8v60DhA7CoWK5oRCqLrMHRGoxYCSS9EjAz6Eo=
github.com/rivo/uniseg v0.4.7 h1:WUdvkW8uEhrYfLC4ZzdpI2ztxP1I582+49Oc5Mq64VQ=
github.com/rivo/uniseg v0.4.7/go.mod h1:FN3SvrM+Zdj16jyLfmOkMNblXMcoc8DfTHruCPUcx88=
github.com/robfig/cron/v3 v3.0.1 h1:WdRxkvbJztn8LMz/QEvLN5sBU+xKpSqwwUO1Pjr4qDs=
github.com/robfig/cron/v3 v3.0.1/go.mod h1:eQICP3HwyT7UooqI/z+Ov+PtYAWygg1TEWWzGIFLtro=
github.com/rogpeppe/go-internal v1.14.1 h1:UQB4HGPB6osV0SQTLymcB4TgvyWu6ZyliaW0tI/otEQ=
github.com/rogpeppe/go-internal v1.14.1/go.mod h1:MaRKkUm5W0goXpeCfT7UZI6fk/L7L7so1lCWt35ZSgc=
github.com/rs/zerolog v1.35.1 h1:m7xQeoiLIiV0BCEY4Hs+j2NG4Gp2o2KPKmhnnLiazKI=
github.com/rs/zerolog v1.35.1/go.mod h1:EjML9kdfa/RMA7h/6z6pYmq1ykOuA8/mjWaEvGI+jcw=
github.com/shirou/gopsutil/v4 v4.26.6 h1:Mzr/npDtQC/xpeEuQKHZt8Zo9CmPvhTj8nkR8w5TLDs=
github.com/shirou/gopsutil/v4 v4.26.6/go.mod h1:LZ6ewCSkBqUpvSOf+LsTGnRinC6iaNUNMGBtDkJBaLQ=
github.com/sirupsen/logrus v1.9.4 h1:TsZE7l11zFCLZnZ+teH4Umoq5BhEIfIzfRDZ1Uzql2w=
github.com/sirupsen/logrus v1.9.4/go.mod h1:ftWc9WdOfJ0a92nsE2jF5u5ZwH8Bv2zdeOC42RjbV2g=
github.com/stretchr/objx v0.1.0/go.mod h1:HFkY916IF+rwdDfMAkV7OtwuqBVzrE8GR6GFx+wExME=
github.com/stretchr/objx v0.5.3 h1:jmXUvGomnU1o3W/V5h2VEradbpJDwGrzugQQvL0POH4=
github.com/stretchr/objx v0.5.3/go.mod h1:rDQraq+vQZU7Fde9LOZLr8Tax6zZvy4kuNKF+QYS+U0=
github.com/stretchr/testify v1.3.0/go.mod h1:M5WIy9Dh21IEIfnGCwXGc5bZfKNJtfHm1UVUgZn+9EI=
github.com/stretchr/testify v1.7.0/go.mod h1:6Fq8oRcR53rry900zMqJjRRixrwX3KX962/h/Wwjteg=
github.com/stretchr/testify v1.11.1 h1:7s2iGBzp5EwR7/aIZr8ao5+dra3wiQyKjjFuvgVKu7U=
github.com/stretchr/testify v1.11.1/go.mod h1:wZwfW3scLgRK+23gO65QZefKpKQRnfz6sD981Nm4B6U=
github.com/testcontainers/testcontainers-go v0.44.0 h1:/Fwh6HY1mIikhnm9e7HwoxGycx0lzRAE0f5VQpjFxzI=
github.com/testcontainers/testcontainers-go v0.44.0/go.mod h1:IcnwQrYTO86xHXu5bvMaBH7ATlbS3Qn1M1QWW3c66rE=
github.com/tklauser/go-sysconf v0.4.0 h1:7H0uAN+7RkwWRaxhYXDLqa5V3LPrJeV8wmD9dRUgPQU=
github.com/tklauser/go-sysconf v0.4.0/go.mod h1:8mTNWyog7H+MpKijp4VmKJAd2bbYQ2zuUwkYRbUArPI=
github.com/tklauser/numcpus v0.12.0 h1:NR85qdvHA9pFse3x3weVZ0r0ST8R6l5RHbZrlRaqob4=
github.com/tklauser/numcpus v0.12.0/go.mod h1:ABHeXzJnr/qqwguhClkZKT1/8VABcYrsyUiUGobwWJg=
github.com/vmihailenco/msgpack/v5 v5.4.1 h1:cQriyiUvjTwOHg8QZaPihLWeRAAVoCpE00IUPn0Bjt8=
github.com/vmihailenco/msgpack/v5 v5.4.1/go.mod h1:GaZTsDaehaPpQVyxrf5mtQlH+pc21PIudVV/E3rRQok=
github.com/vmihailenco/tagparser/v2 v2.0.0 h1:y09buUbR+b5aycVFQs/g70pqKVZNBmxwAhO7/IwNM9g=
github.com/vmihailenco/tagparser/v2 v2.0.0/go.mod h1:Wri+At7QHww0WTrCBeu4J6bNtoV6mEfg5OIWRZA9qds=
github.com/xo/terminfo v0.0.0-20220910002029-abceb7e1c41e h1:JVG44RsyaB9T2KIHavMF/ppJZNG9ZpyihvCd0w101no=
github.com/xo/terminfo v0.0.0-20220910002029-abceb7e1c41e/go.mod h1:RbqR21r5mrJuqunuUZ/Dhy/avygyECGrLceyNeo4LiM=
github.com/xyproto/randomstring v1.2.0 h1:y7PXAEBM3XlwJjPG2JQg4voxBYZ4+hPgRdGKCfU8wik=
github.com/xyproto/randomstring v1.2.0/go.mod h1:rgmS5DeNXLivK7YprL0pY+lTuhNQW3iGxZ18UQApw/E=
github.com/yusufpapurcu/wmi v1.2.4 h1:zFUKzehAFReQwLys1b/iSMl+JQGSCSjtVqQn9bBrPo0=
github.com/yusufpapurcu/wmi v1.2.4/go.mod h1:SBZ9tNy3G9/m5Oi98Zks0QjeHVDvuK0qfxQmPyzfmi0=
go.opentelemetry.io/auto/sdk v1.2.1 h1:jXsnJ4Lmnqd11kwkBV2LgLoFMZKizbCi5fNZ/ipaZ64=
go.opentelemetry.io/auto/sdk v1.2.1/go.mod h1:KRTj+aOaElaLi+wW1kO/DZRXwkF4C5xPbEe3ZiIhN7Y=
go.opentelemetry.io/contrib/instrumentation/net/http/otelhttp v0.69.0 h1:8tvICD4vSTOOsNrsI4Ljf6C+6UKvpTEH5XY3JMoyPoo=
go.opentelemetry.io/contrib/instrumentation/net/http/otelhttp v0.69.0/go.mod h1:z9+yiacE0IHRqM4qFfkbt/JYlmYXgss8GY/jXoNuPJI=
go.opentelemetry.io/otel v1.44.0 h1:JjwHmHpA4iZ3wBxluu2fbbE7j4kqlE8jXyAyPXH7HqU=
go.opentelemetry.io/otel v1.44.0/go.mod h1:BMgjTHL9WPRlRjL2oZCBTL4whCGtXch2H4BhOPIAyYc=
go.opentelemetry.io/otel/metric v1.44.0 h1:1w0gILTcHdr3YI+ixLyjemwrVnsMURbTZFrSYCdDdmc=
go.opentelemetry.io/otel/metric v1.44.0/go.mod h1:8O7hanEPBNgEMmybD3s2VBKcgWOCsA6tzHBPODAiquo=
go.opentelemetry.io/otel/sdk v1.44.0 h1:nHYwb9lK+fJPU/dnT6s7W7Z8itMWyqrnVfbheVYrZ58=
go.opentelemetry.io/otel/sdk v1.44.0/go.mod h1:Osuydd3Se74nqjAKxid74N5eC+jfEqfTegHRnq58oK0=
go.opentelemetry.io/otel/sdk/metric v1.44.0 h1:3LlKgI+VjbVsjNRFZJZAJ30WjXC5VkNRks6si09iEfI=
go.opentelemetry.io/otel/sdk/metric v1.44.0/go.mod h1:5B5pMARnXxKhltooO4xUuCBorl65a4EpnTalObqOigA=
go.opentelemetry.io/otel/trace v1.44.0 h1:jxF5CsGYCe74MCRx2X4g7WsY/VBKRqqpNvXlX/6gtIk=
go.opentelemetry.io/otel/trace v1.44.0/go.mod h1:oLl1jrMQAVo6v3GAggN+1VH9VIz9iUSvW53sW1Q8PIE=
go.uber.org/goleak v1.3.0 h1:2K3zAYmnTNqV73imy9J1T3WC+gmCePx2hEGkimedGto=
go.uber.org/goleak v1.3.0/go.mod h1:CoHD4mav9JJNrW/WLlf7HGZPjdw8EucARQHekz1X6bE=
go.uber.org/mock v0.6.0 h1:hyF9dfmbgIX5EfOdasqLsWD6xqpNZlXblLB/Dbnwv3Y=
go.uber.org/mock v0.6.0/go.mod h1:KiVJ4BqZJaMj4svdfmHM0AUx4NJYO8ZNpPnZn1Z+BBU=
golang.org/x/crypto v0.56.0 h1:GUh5Ii4J5jtcseSMiRqr1jXCNHoxjeV9Fmekc2oLy6Y=
golang.org/x/crypto v0.56.0/go.mod h1:OMW5y6CY9l38uPLmxU6l6pwcXp1obtLo3e6gT7gQR2I=
golang.org/x/exp v0.0.0-20251023183803-a4bb9ffd2546 h1:mgKeJMpvi0yx/sU5GsxQ7p6s2wtOnGAHZWCHUM4KGzY=
golang.org/x/exp v0.0.0-20251023183803-a4bb9ffd2546/go.mod h1:j/pmGrbnkbPtQfxEe5D0VQhZC6qKbfKifgD0oM7sR70=
golang.org/x/mod v0.40.0 h1:hUv+3cXcdRHz08UmSiOob7sadHig73uo5bkXxQ/tvUs=
golang.org/x/mod v0.40.0/go.mod h1:0/weTWkPWGBikyTWAX3dkjVztMmBA5hM0DH6BElSupE=
golang.org/x/net v0.58.0 h1:ynWG7rqYi4ccpTEuPZ2QGWHktVEM9DMCj9yzDE0Q7To=
golang.org/x/net v0.58.0/go.mod h1:YwCddHnFlT7eLQqVprV19OnhLGtc5xOKgE0RyqgfWAU=
golang.org/x/oauth2 v0.36.0 h1:peZ/1z27fi9hUOFCAZaHyrpWG5lwe0RJEEEeH0ThlIs=
golang.org/x/oauth2 v0.36.0/go.mod h1:YDBUJMTkDnJS+A4BP4eZBjCqtokkg1hODuPjwiGPO7Q=
golang.org/x/sync v0.22.0 h1:SZjpbeLmrCk4xhRSZFNZW5gFUeCeFgjekvI/+gfScek=
golang.org/x/sync v0.22.0/go.mod h1:9xrNwdLfx4jkKbNva9FpL6vEN7evnE43NNNJQ2LF3+0=
golang.org/x/sys v0.0.0-20190916202348-b4ddaad3f8a3/go.mod h1:h1NjWce9XRLGQEsW7wpKNCjG9DtNlClVuFLEZdDNbEs=
golang.org/x/sys v0.0.0-20201204225414-ed752295db88/go.mod h1:h1NjWce9XRLGQEsW7wpKNCjG9DtNlClVuFLEZdDNbEs=
golang.org/x/sys v0.0.0-20210616094352-59db8d763f22/go.mod h1:oPkhp1MJrh7nUepCBck5+mAzfO9JrbApNNgaTdGDITg=
golang.org/x/sys v0.0.0-20210809222454-d867a43fc93e/go.mod h1:oPkhp1MJrh7nUepCBck5+mAzfO9JrbApNNgaTdGDITg=
golang.org/x/sys v0.1.0/go.mod h1:oPkhp1MJrh7nUepCBck5+mAzfO9JrbApNNgaTdGDITg=
golang.org/x/sys v0.6.0/go.mod h1:oPkhp1MJrh7nUepCBck5+mAzfO9JrbApNNgaTdGDITg=
golang.org/x/sys v0.47.0 h1:o7XGOvZQCADBQQ4Y7VNq2dRWQR7JmOUW8Kxx4ZsNgWs=
golang.org/x/sys v0.47.0/go.mod h1:4GL1E5IUh+htKOUEOaiffhrAeqysfVGipDYzABqnCmw=
golang.org/x/term v0.45.0 h1:NwWyBmoJCbfTHpxrWoZ9C6/VxOf7ic219I8xZZFdrf0=
golang.org/x/term v0.45.0/go.mod h1:9aqxs0blBcrm/n0L9QW0aRVD+ktan8ssZromtqJC43w=
golang.org/x/text v0.41.0 h1:vz/seA0lnX87Othu2f/0L24RcgrXD9/YFTSuGjj3rH8=
golang.org/x/text v0.41.0/go.mod h1:jvf1O8ajNzZqhSrQBPbutR/EB83Cc0CFrezNQIwbb5M=
golang.org/x/time v0.15.0 h1:bbrp8t3bGUeFOx08pvsMYRTCVSMk89u4tKbNOZbp88U=
golang.org/x/time v0.15.0/go.mod h1:Y4YMaQmXwGQZoFaVFk4YpCt4FLQMYKZe9oeV/f4MSno=
golang.org/x/tools v0.49.0 h1:3NI7VXzL9+1WZD52Dx2ttoPwD5DWrFGpl9mFZDlmisI=
golang.org/x/tools v0.49.0/go.mod h1:SJNXV9DBKT0UbdttsQjbfJlAE/q+y36++zo3uL3N0Oo=
gopkg.in/check.v1 v0.0.0-20161208181325-20d25e280405/go.mod h1:Co6ibVJAznAaIkqp8huTwlJQCZ016jof/cbN4VW5Yz0=
gopkg.in/check.v1 v1.0.0-20201130134442-10cb98267c6c h1:Hei/4ADfdWqJk1ZMxUNpqntNwaWcugrBjAiHlqqRiVk=
gopkg.in/check.v1 v1.0.0-20201130134442-10cb98267c6c/go.mod h1:JHkPIbrfpd72SG/EVd6muEfDQjcINNoR0C8j2r3qZ4Q=
gopkg.in/yaml.v3 v3.0.0-20200313102051-9f266ea9e77c/go.mod h1:K4uyk7z7BCEPqu6E+C64Yfv1cQ7kz7rIZviUmN+EgEM=
gopkg.in/yaml.v3 v3.0.1 h1:fxVm/GzAzEWqLHuvctI91KS9hhNmmWOoWu0XTYJS7CA=
gopkg.in/yaml.v3 v3.0.1/go.mod h1:K4uyk7z7BCEPqu6E+C64Yfv1cQ7kz7rIZviUmN+EgEM=
gorm.io/driver/mysql v1.6.0 h1:eNbLmNTpPpTOVZi8MMxCi2aaIm0ZpInbORNXDwyLGvg=
gorm.io/driver/mysql v1.6.0/go.mod h1:D/oCC2GWK3M/dqoLxnOlaNKmXz8WNTfcS9y5ovaSqKo=
gorm.io/driver/postgres v1.6.0 h1:2dxzU8xJ+ivvqTRph34QX+WrRaJlmfyPqXmoGVjMBa4=
gorm.io/driver/postgres v1.6.0/go.mod h1:vUw0mrGgrTK+uPHEhAdV4sfFELrByKVGnaVRkXDhtWo=
gorm.io/driver/sqlite v1.6.0 h1:WHRRrIiulaPiPFmDcod6prc4l2VGVWHz80KspNsxSfQ=
gorm.io/driver/sqlite v1.6.0/go.mod h1:AO9V1qIQddBESngQUKWL9yoH93HIeA1X6V633rBwyT8=
gorm.io/gorm v1.31.2 h1:3o8FXNo9v9S858gil+3LlZA1LkCOzgb4g5BL64FgaCo=
gorm.io/gorm v1.31.2/go.mod h1:XyQVbO2k6YkOis7C2437jSit3SsDK72s7n7rsSHd+Gs=
gotest.tools/v3 v3.5.2 h1:7koQfIKdy+I8UTetycgUqXWSDwpgv193Ka+qRsmBY8Q=
gotest.tools/v3 v3.5.2/go.mod h1:LtdLGcnqToBH83WByAAi/wiwSFCArdFIUV/xxN4pcjA=
modernc.org/cc/v4 v4.27.1 h1:9W30zRlYrefrDV2JE2O8VDtJ1yPGownxciz5rrbQZis=
modernc.org/cc/v4 v4.27.1/go.mod h1:uVtb5OGqUKpoLWhqwNQo/8LwvoiEBLvZXIQ/SmO6mL0=
modernc.org/ccgo/v4 v4.30.1 h1:4r4U1J6Fhj98NKfSjnPUN7Ze2c6MnAdL0hWw6+LrJpc=
modernc.org/ccgo/v4 v4.30.1/go.mod h1:bIOeI1JL54Utlxn+LwrFyjCx2n2RDiYEaJVSrgdrRfM=
modernc.org/fileutil v1.3.40 h1:ZGMswMNc9JOCrcrakF1HrvmergNLAmxOPjizirpfqBA=
modernc.org/fileutil v1.3.40/go.mod h1:HxmghZSZVAz/LXcMNwZPA/DRrQZEVP9VX0V4LQGQFOc=
modernc.org/gc/v2 v2.6.5 h1:nyqdV8q46KvTpZlsw66kWqwXRHdjIlJOhG6kxiV/9xI=
modernc.org/gc/v2 v2.6.5/go.mod h1:YgIahr1ypgfe7chRuJi2gD7DBQiKSLMPgBQe9oIiito=
modernc.org/gc/v3 v3.1.1 h1:k8T3gkXWY9sEiytKhcgyiZ2L0DTyCQ/nvX+LoCljoRE=
modernc.org/gc/v3 v3.1.1/go.mod h1:HFK/6AGESC7Ex+EZJhJ2Gni6cTaYpSMmU/cT9RmlfYY=
modernc.org/goabi0 v0.2.0 h1:HvEowk7LxcPd0eq6mVOAEMai46V+i7Jrj13t4AzuNks=
modernc.org/goabi0 v0.2.0/go.mod h1:CEFRnnJhKvWT1c1JTI3Avm+tgOWbkOu5oPA8eH8LnMI=
modernc.org/libc v1.67.6 h1:eVOQvpModVLKOdT+LvBPjdQqfrZq+pC39BygcT+E7OI=
modernc.org/libc v1.67.6/go.mod h1:JAhxUVlolfYDErnwiqaLvUqc8nfb2r6S6slAgZOnaiE=
modernc.org/mathutil v1.7.1 h1:GCZVGXdaN8gTqB1Mf/usp1Y/hSqgI2vAGGP4jZMCxOU=
modernc.org/mathutil v1.7.1/go.mod h1:4p5IwJITfppl0G4sUEDtCr4DthTaT47/N3aT6MhfgJg=
modernc.org/memory v1.11.0 h1:o4QC8aMQzmcwCK3t3Ux/ZHmwFPzE6hf2Y5LbkRs+hbI=
modernc.org/memory v1.11.0/go.mod h1:/JP4VbVC+K5sU2wZi9bHoq2MAkCnrt2r98UGeSK7Mjw=
modernc.org/opt v0.1.4 h1:2kNGMRiUjrp4LcaPuLY2PzUfqM/w9N23quVwhKt5Qm8=
modernc.org/opt v0.1.4/go.mod h1:03fq9lsNfvkYSfxrfUhZCWPk1lm4cq4N+Bh//bEtgns=
modernc.org/sortutil v1.2.1 h1:+xyoGf15mM3NMlPDnFqrteY07klSFxLElE2PVuWIJ7w=
modernc.org/sortutil v1.2.1/go.mod h1:7ZI3a3REbai7gzCLcotuw9AC4VZVpYMjDzETGsSMqJE=
modernc.org/sqlite v1.46.0 h1:pCVOLuhnT8Kwd0gjzPwqgQW1KW2XFpXyJB6cCw11jRE=
modernc.org/sqlite v1.46.0/go.mod h1:CzbrU2lSB1DKUusvwGz7rqEKIq+NUd8GWuBBZDs9/nA=
modernc.org/strutil v1.2.1 h1:UneZBkQA+DX2Rp35KcM69cSsNES9ly8mQWD71HKlOA0=
modernc.org/strutil v1.2.1/go.mod h1:EHkiggD70koQxjVdSBM3JKM7k6L0FbGE5eymy9i3B9A=
modernc.org/token v1.1.0 h1:Xl7Ap9dKaEs5kLoOQeQmPWevfnk/DM5qcLcYlA8ys6Y=
modernc.org/token v1.1.0/go.mod h1:UGzOrNV1mAFSEB63lOFHIpNRUVMvYTc6yu1SMY/XTDM=
pgregory.net/rapid v1.2.0 h1:keKAYRcjm+e1F0oAuU5F5+YPAWcyxNNRK2wud503Gnk=
pgregory.net/rapid v1.2.0/go.mod h1:PY5XlDGj0+V1FCq0o192FdRhpKHGTRIWBgqjDBTrq04=
